
Microsoft Visual Studio Solution File, Format Version 12.00
# Visual Studio Version 16
VisualStudioVersion = 16.0.30204.135
MinimumVisualStudioVersion = 10.0.40219.1
Project("{FAE04EC0-301F-11D3-BF4B-00C04F79EFBC}") = "LamosaBot", "LamosaBot\LamosaBot.csproj", "{E63729A5-5460-4D8B-BEBD-6035DEF3391C}"
EndProject
Global
	GlobalSection(SolutionConfigurationPlatforms) = preSolution
		Debug|Any CPU = Debug|Any CPU
		Release|Any CPU = Release|Any CPU
	EndGlobalSection
	GlobalSection(ProjectConfigurationPlatforms) = postSolution
		{E63729A5-5460-4D8B-BEBD-6035DEF3391C}.Debug|Any CPU.ActiveCfg = Debug|Any CPU
		{E63729A5-5460-4D8B-BEBD-6035DEF3391C}.Debug|Any CPU.Build.0 = Debug|Any CPU
		{E63729A5-5460-4D8B-BEBD-6035DEF3391C}.Release|Any CPU.ActiveCfg = Release|Any CPU
		{E63729A5-5460-4D8B-BEBD-6035DEF3391C}.Release|Any CPU.Build.0 = Release|Any CPU
	EndGlobalSection
	GlobalSection(SolutionProperties) = preSolution
		HideSolutionNode = FALSE
	EndGlobalSection
	GlobalSection(ExtensibilityGlobals) = postSolution
		SolutionGuid = {AFF78503-F395-4FB9-BA23-1EF06682C83C}
	EndGlobalSection
EndGlobal
